// !$*UTF8*$!
{
	archiveVersion = 1;
	classes = {
	};
	objectVersion = 50;
	objects = {

/* Begin PBXBuildFile section */
		AC7E25992592B35B008E5228 /* MainViewController.swift in Sources */ = {isa = PBXBuildFile; fileRef = AC7E25982592B35B008E5228 /* MainViewController.swift */; };
		AC7E259D2592B3C7008E5228 /* SetupViewController.swift in Sources */ = {isa = PBXBuildFile; fileRef = AC7E259C2592B3C7008E5228 /* SetupViewController.swift */; };
		AC7E25A2259315C9008E5228 /* Photos.swift in Sources */ = {isa = PBXBuildFile; fileRef = AC7E25A1259315C9008E5228 /* Photos.swift */; };
		ACD8BC7F259137B500A7661D /* AppDelegate.swift in Sources */ = {isa = PBXBuildFile; fileRef = ACD8BC7E259137B500A7661D /* AppDelegate.swift */; };
		ACD8BC81259137B500A7661D /* SceneDelegate.swift in Sources */ = {isa = PBXBuildFile; fileRef = ACD8BC80259137B500A7661D /* SceneDelegate.swift */; };
		ACD8BC83259137B500A7661D /* ViewController.swift in Sources */ = {isa = PBXBuildFile; fileRef = ACD8BC82259137B500A7661D /* ViewController.swift */; };
		ACD8BC86259137B500A7661D /* Main.storyboard in Resources */ = {isa = PBXBuildFile; fileRef = ACD8BC84259137B500A7661D /* Main.storyboard */; };
		ACD8BC88259137B600A7661D /* Assets.xcassets in Resources */ = {isa = PBXBuildFile; fileRef = ACD8BC87259137B600A7661D /* Assets.xcassets */; };
		ACD8BC8B259137B600A7661D /* LaunchScreen.storyboard in Resources */ = {isa = PBXBuildFile; fileRef = ACD8BC89259137B600A7661D /* LaunchScreen.storyboard */; };
		ACD8BC9625913A0800A7661D /* ImageCell.xib in Resources */ = {isa = PBXBuildFile; fileRef = ACD8BC9525913A0800A7661D /* ImageCell.xib */; };
		ACD8BC9925913EA400A7661D /* ImageCell.swift in Sources */ = {isa = PBXBuildFile; fileRef = ACD8BC9825913EA400A7661D /* ImageCell.swift */; };
		ACD8BC9C259150F200A7661D /* ImageViewController.swift in Sources */ = {isa = PBXBuildFile; fileRef = ACD8BC9B259150F200A7661D /* ImageViewController.swift */; };
/* End PBXBuildFile section */

/* Begin PBXFileReference section */
		AC7E25982592B35B008E5228 /* MainViewController.swift */ = {isa = PBXFileReference; lastKnownFileType = sourcecode.swift; path = MainViewController.swift; sourceTree = "<group>"; };
		AC7E259C2592B3C7008E5228 /* SetupViewController.swift */ = {isa = PBXFileReference; lastKnownFileType = sourcecode.swift; path = SetupViewController.swift; sourceTree = "<group>"; };
		AC7E25A1259315C9008E5228 /* Photos.swift */ = {isa = PBXFileReference; lastKnownFileType = sourcecode.swift; path = Photos.swift; sourceTree = "<group>"; };
		ACD8BC7B259137B500A7661D /* Memobay.app */ = {isa = PBXFileReference; explicitFileType = wrapper.application; includeInIndex = 0; path = Memobay.app; sourceTree = BUILT_PRODUCTS_DIR; };
		ACD8BC7E259137B500A7661D /* AppDelegate.swift */ = {isa = PBXFileReference; lastKnownFileType = sourcecode.swift; path = AppDelegate.swift; sourceTree = "<group>"; };
		ACD8BC80259137B500A7661D /* SceneDelegate.swift */ = {isa = PBXFileReference; lastKnownFileType = sourcecode.swift; path = SceneDelegate.swift; sourceTree = "<group>"; };
		ACD8BC82259137B500A7661D /* ViewController.swift */ = {isa = PBXFileReference; lastKnownFileType = sourcecode.swift; path = ViewController.swift; sourceTree = "<group>"; };
		ACD8BC85259137B500A7661D /* Base */ = {isa = PBXFileReference; lastKnownFileType = file.storyboard; name = Base; path = Base.lproj/Main.storyboard; sourceTree = "<group>"; };
		ACD8BC87259137B600A7661D /* Assets.xcassets */ = {isa = PBXFileReference; lastKnownFileType = folder.assetcatalog; path = Assets.xcassets; sourceTree = "<group>"; };
		ACD8BC8A259137B600A7661D /* Base */ = {isa = PBXFileReference; lastKnownFileType = file.storyboard; name = Base; path = Base.lproj/LaunchScreen.storyboard; sourceTree = "<group>"; };
		ACD8BC8C259137B600A7661D /* Info.plist */ = {isa = PBXFileReference; lastKnownFileType = text.plist.xml; path = Info.plist; sourceTree = "<group>"; };
		ACD8BC9525913A0800A7661D /* ImageCell.xib */ = {isa = PBXFileReference; lastKnownFileType = file.xib; path = ImageCell.xib; sourceTree = "<group>"; };
		ACD8BC9825913EA400A7661D /* ImageCell.swift */ = {isa = PBXFileReference; lastKnownFileType = sourcecode.swift; path = ImageCell.swift; sourceTree = "<group>"; };
		ACD8BC9B259150F200A7661D /* ImageViewController.swift */ = {isa = PBXFileReference; lastKnownFileType = sourcecode.swift; path = ImageViewController.swift; sourceTree = "<group>"; };
/* End PBXFileReference section */

/* Begin PBXFrameworksBuildPhase section */
		ACD8BC78259137B500A7661D /* Frameworks */ = {
			isa = PBXFrameworksBuildPhase;
			buildActionMask = 2147483647;
			files = (
			);
			runOnlyForDeploymentPostprocessing = 0;
		};
/* End PBXFrameworksBuildPhase section */

/* Begin PBXGroup section */
		AC7E25972592B333008E5228 /* Controllers */ = {
			isa = PBXGroup;
			children = (
				AC7E25982592B35B008E5228 /* MainViewController.swift */,
				ACD8BC82259137B500A7661D /* ViewController.swift */,
				AC7E259C2592B3C7008E5228 /* SetupViewController.swift */,
				ACD8BC94259139EC00A7661D /* CollectionCell */,
			);
			path = Controllers;
			sourceTree = "<group>";
		};
		ACD8BC72259137B500A7661D = {
			isa = PBXGroup;
			children = (
				ACD8BC7D259137B500A7661D /* Memobay */,
				ACD8BC7C259137B500A7661D /* Products */,
			);
			sourceTree = "<group>";
		};
		ACD8BC7C259137B500A7661D /* Products */ = {
			isa = PBXGroup;
			children = (
				ACD8BC7B259137B500A7661D /* Memobay.app */,
			);
			name = Products;
			sourceTree = "<group>";
		};
		ACD8BC7D259137B500A7661D /* Memobay */ = {
			isa = PBXGroup;
			children = (
				AC7E25972592B333008E5228 /* Controllers */,
				ACD8BC7E259137B500A7661D /* AppDelegate.swift */,
				ACD8BC80259137B500A7661D /* SceneDelegate.swift */,
				ACD8BC84259137B500A7661D /* Main.storyboard */,
				ACD8BC87259137B600A7661D /* Assets.xcassets */,
				ACD8BC89259137B600A7661D /* LaunchScreen.storyboard */,
				ACD8BC8C259137B600A7661D /* Info.plist */,
				ACD8BC9B259150F200A7661D /* ImageViewController.swift */,
				AC7E25A1259315C9008E5228 /* Photos.swift */,
			);
			path = Memobay;
			sourceTree = "<group>";
		};
		ACD8BC94259139EC00A7661D /* CollectionCell */ = {
			isa = PBXGroup;
			children = (
				ACD8BC9525913A0800A7661D /* ImageCell.xib */,
				ACD8BC9825913EA400A7661D /* ImageCell.swift */,
			);
			path = CollectionCell;
			sourceTree = "<group>";
		};
/* End PBXGroup section */

/* Begin PBXNativeTarget section */
		ACD8BC7A259137B500A7661D /* Memobay */ = {
			isa = PBXNativeTarget;
			buildConfigurationList = ACD8BC8F259137B600A7661D /* Build configuration list for PBXNativeTarget "Memobay" */;
			buildPhases = (
				ACD8BC77259137B500A7661D /* Sources */,
				ACD8BC78259137B500A7661D /* Frameworks */,
				ACD8BC79259137B500A7661D /* Resources */,
			);
			buildRules = (
			);
			dependencies = (
			);
			name = Memobay;
			productName = "Lesson 6";
			productReference = ACD8BC7B259137B500A7661D /* Memobay.app */;
			productType = "com.apple.product-type.application";
		};
/* End PBXNativeTarget section */

/* Begin PBXProject section */
		ACD8BC73259137B500A7661D /* Project object */ = {
			isa = PBXProject;
			attributes = {
				LastSwiftUpdateCheck = 1220;
				LastUpgradeCheck = 1220;
				TargetAttributes = {
					ACD8BC7A259137B500A7661D = {
						CreatedOnToolsVersion = 12.2;
					};
				};
			};
			buildConfigurationList = ACD8BC76259137B500A7661D /* Build configuration list for PBXProject "Memobay" */;
			compatibilityVersion = "Xcode 9.3";
			developmentRegion = en;
			hasScannedForEncodings = 0;
			knownRegions = (
				en,
				Base,
			);
			mainGroup = ACD8BC72259137B500A7661D;
			productRefGroup = ACD8BC7C259137B500A7661D /* Products */;
			projectDirPath = "";
			projectRoot = "";
			targets = (
				ACD8BC7A259137B500A7661D /* Memobay */,
			);
		};
/* End PBXProject section */

/* Begin PBXResourcesBuildPhase section */
		ACD8BC79259137B500A7661D /* Resources */ = {
			isa = PBXResourcesBuildPhase;
			buildActionMask = 2147483647;
			files = (
				ACD8BC8B259137B600A7661D /* LaunchScreen.storyboard in Resources */,
				ACD8BC9625913A0800A7661D /* ImageCell.xib in Resources */,
				ACD8BC88259137B600A7661D /* Assets.xcassets in Resources */,
				ACD8BC86259137B500A7661D /* Main.storyboard in Resources */,
			);
			runOnlyForDeploymentPostprocessing = 0;
		};
/* End PBXResourcesBuildPhase section */

/* Begin PBXSourcesBuildPhase section */
		ACD8BC77259137B500A7661D /* Sources */ = {
			isa = PBXSourcesBuildPhase;
			buildActionMask = 2147483647;
			files = (
				ACD8BC83259137B500A7661D /* ViewController.swift in Sources */,
				ACD8BC9925913EA400A7661D /* ImageCell.swift in Sources */,
				ACD8BC9C259150F200A7661D /* ImageViewController.swift in Sources */,
				AC7E25992592B35B008E5228 /* MainViewController.swift in Sources */,
				AC7E25A2259315C9008E5228 /* Photos.swift in Sources */,
				ACD8BC7F259137B500A7661D /* AppDelegate.swift in Sources */,
				ACD8BC81259137B500A7661D /* SceneDelegate.swift in Sources */,
				AC7E259D2592B3C7008E5228 /* SetupViewController.swift in Sources */,
			);
			runOnlyForDeploymentPostprocessing = 0;
		};
/* End PBXSourcesBuildPhase section */

/* Begin PBXVariantGroup section */
		ACD8BC84259137B500A7661D /* Main.storyboard */ = {
			isa = PBXVariantGroup;
			children = (
				ACD8BC85259137B500A7661D /* Base */,
			);
			name = Main.storyboard;
			sourceTree = "<group>";
		};
		ACD8BC89259137B600A7661D /* LaunchScreen.storyboard */ = {
			isa = PBXVariantGroup;
			children = (
				ACD8BC8A259137B600A7661D /* Base */,
			);
			name = LaunchScreen.storyboard;
			sourceTree = "<group>";
		};
/* End PBXVariantGroup section */

/* Begin XCBuildConfiguration section */
		ACD8BC8D259137B600A7661D /* Debug */ = {
			isa = XCBuildConfiguration;
			buildSettings = {
				ALWAYS_SEARCH_USER_PATHS = NO;
				CLANG_ANALYZER_NONNULL = YES;
				CLANG_ANALYZER_NUMBER_OBJECT_CONVERSION = YES_AGGRESSIVE;
				CLANG_CXX_LANGUAGE_STANDARD = "gnu++14";
				CLANG_CXX_LIBRARY = "libc++";
				CLANG_ENABLE_MODULES = YES;
				CLANG_ENABLE_OBJC_ARC = YES;
				CLANG_ENABLE_OBJC_WEAK = YES;
				CLANG_WARN_BLOCK_CAPTURE_AUTORELEASING = YES;
				CLANG_WARN_BOOL_CONVERSION = YES;
				CLANG_WARN_COMMA = YES;
				CLANG_WARN_CONSTANT_CONVERSION = YES;
				CLANG_WARN_DEPRECATED_OBJC_IMPLEMENTATIONS = YES;
				CLANG_WARN_DIRECT_OBJC_ISA_USAGE = YES_ERROR;
				CLANG_WARN_DOCUMENTATION_COMMENTS = YES;
				CLANG_WARN_EMPTY_BODY = YES;
				CLANG_WARN_ENUM_CONVERSION = YES;
				CLANG_WARN_INFINITE_RECURSION = YES;
				CLANG_WARN_INT_CONVERSION = YES;
				CLANG_WARN_NON_LITERAL_NULL_CONVERSION = YES;
				CLANG_WARN_OBJC_IMPLICIT_RETAIN_SELF = YES;
				CLANG_WARN_OBJC_LITERAL_CONVERSION = YES;
				CLANG_WARN_OBJC_ROOT_CLASS = YES_ERROR;
				CLANG_WARN_QUOTED_INCLUDE_IN_FRAMEWORK_HEADER = YES;
				CLANG_WARN_RANGE_LOOP_ANALYSIS = YES;
				CLANG_WARN_STRICT_PROTOTYPES = YES;
				CLANG_WARN_SUSPICIOUS_MOVE = YES;
				CLANG_WARN_UNGUARDED_AVAILABILITY = YES_AGGRESSIVE;
				CLANG_WARN_UNREACHABLE_CODE = YES;
				CLANG_WARN__DUPLICATE_METHOD_MATCH = YES;
				COPY_PHASE_STRIP = NO;
				DEBUG_INFORMATION_FORMAT = dwarf;
				ENABLE_STRICT_OBJC_MSGSEND = YES;
				ENABLE_TESTABILITY = YES;
				GCC_C_LANGUAGE_STANDARD = gnu11;
				GCC_DYNAMIC_NO_PIC = NO;
				GCC_NO_COMMON_BLOCKS = YES;
				GCC_OPTIMIZATION_LEVEL = 0;
				GCC_PREPROCESSOR_DEFINITIONS = (
					"DEBUG=1",
					"$(inherited)",
				);
				GCC_WARN_64_TO_32_BIT_CONVERSION = YES;
				GCC_WARN_ABOUT_RETURN_TYPE = YES_ERROR;
				GCC_WARN_UNDECLARED_SELECTOR = YES;
				GCC_WARN_UNINITIALIZED_AUTOS = YES_AGGRESSIVE;
				GCC_WARN_UNUSED_FUNCTION = YES;
				GCC_WARN_UNUSED_VARIABLE = YES;
				IPHONEOS_DEPLOYMENT_TARGET = 14.2;
				MTL_ENABLE_DEBUG_INFO = INCLUDE_SOURCE;
				MTL_FAST_MATH = YES;
				ONLY_ACTIVE_ARCH = YES;
				SDKROOT = iphoneos;
				SWIFT_ACTIVE_COMPILATION_CONDITIONS = DEBUG;
				SWIFT_OPTIMIZATION_LEVEL = "-Onone";
			};
			name = Debug;
		};
		ACD8BC8E259137B600A7661D /* Release */ = {
			isa = XCBuildConfiguration;
			buildSettings = {
				ALWAYS_SEARCH_USER_PATHS = NO;
				CLANG_ANALYZER_NONNULL = YES;
				CLANG_ANALYZER_NUMBER_OBJECT_CONVERSION = YES_AGGRESSIVE;
				CLANG_CXX_LANGUAGE_STANDARD = "gnu++14";
				CLANG_CXX_LIBRARY = "libc++";
				CLANG_ENABLE_MODULES = YES;
				CLANG_ENABLE_OBJC_ARC = YES;
				CLANG_ENABLE_OBJC_WEAK = YES;
				CLANG_WARN_BLOCK_CAPTURE_AUTORELEASING = YES;
				CLANG_WARN_BOOL_CONVERSION = YES;
				CLANG_WARN_COMMA = YES;
				CLANG_WARN_CONSTANT_CONVERSION = YES;
				CLANG_WARN_DEPRECATED_OBJC_IMPLEMENTATIONS = YES;
				CLANG_WARN_DIRECT_OBJC_ISA_USAGE = YES_ERROR;
				CLANG_WARN_DOCUMENTATION_COMMENTS = YES;
				CLANG_WARN_EMPTY_BODY = YES;
				CLANG_WARN_ENUM_CONVERSION = YES;
				CLANG_WARN_INFINITE_RECURSION = YES;
				CLANG_WARN_INT_CONVERSION = YES;
				CLANG_WARN_NON_LITERAL_NULL_CONVERSION = YES;
				CLANG_WARN_OBJC_IMPLICIT_RETAIN_SELF = YES;
				CLANG_WARN_OBJC_LITERAL_CONVERSION = YES;
				CLANG_WARN_OBJC_ROOT_CLASS = YES_ERROR;
				CLANG_WARN_QUOTED_INCLUDE_IN_FRAMEWORK_HEADER = YES;
				CLANG_WARN_RANGE_LOOP_ANALYSIS = YES;
				CLANG_WARN_STRICT_PROTOTYPES = YES;
				CLANG_WARN_SUSPICIOUS_MOVE = YES;
				CLANG_WARN_UNGUARDED_AVAILABILITY = YES_AGGRESSIVE;
				CLANG_WARN_UNREACHABLE_CODE = YES;
				CLANG_WARN__DUPLICATE_METHOD_MATCH = YES;
				COPY_PHASE_STRIP = NO;
				DEBUG_INFORMATION_FORMAT = "dwarf-with-dsym";
				ENABLE_NS_ASSERTIONS = NO;
				ENABLE_STRICT_OBJC_MSGSEND = YES;
				GCC_C_LANGUAGE_STANDARD = gnu11;
				GCC_NO_COMMON_BLOCKS = YES;
				GCC_WARN_64_TO_32_BIT_CONVERSION = YES;
				GCC_WARN_ABOUT_RETURN_TYPE = YES_ERROR;
				GCC_WARN_UNDECLARED_SELECTOR = YES;
				GCC_WARN_UNINITIALIZED_AUTOS = YES_AGGRESSIVE;
				GCC_WARN_UNUSED_FUNCTION = YES;
				GCC_WARN_UNUSED_VARIABLE = YES;
				IPHONEOS_DEPLOYMENT_TARGET = 14.2;
				MTL_ENABLE_DEBUG_INFO = NO;
				MTL_FAST_MATH = YES;
				SDKROOT = iphoneos;
				SWIFT_COMPILATION_MODE = wholemodule;
				SWIFT_OPTIMIZATION_LEVEL = "-O";
				VALIDATE_PRODUCT = YES;
			};
			name = Release;
		};
		ACD8BC90259137B600A7661D /* Debug */ = {
			isa = XCBuildConfiguration;
			buildSettings = {
				ASSETCATALOG_COMPILER_APPICON_NAME = AppIcon;
				ASSETCATALOG_COMPILER_GLOBAL_ACCENT_COLOR_NAME = AccentColor;
				CODE_SIGN_STYLE = Automatic;
				INFOPLIST_FILE = Memobay/Info.plist;
				IPHONEOS_DEPLOYMENT_TARGET = 13.0;
				LD_RUNPATH_SEARCH_PATHS = (
					"$(inherited)",
					"@executable_path/Frameworks",
				);
				PRODUCT_BUNDLE_IDENTIFIER = shekarno.Memobay;
				PRODUCT_NAME = "$(TARGET_NAME)";
				SWIFT_VERSION = 5.0;
				TARGETED_DEVICE_FAMILY = 1;
			};
			name = Debug;
		};
		ACD8BC91259137B600A7661D /* Release */ = {
			isa = XCBuildConfiguration;
			buildSettings = {
				ASSETCATALOG_COMPILER_APPICON_NAME = AppIcon;
				ASSETCATALOG_COMPILER_GLOBAL_ACCENT_COLOR_NAME = AccentColor;
				CODE_SIGN_STYLE = Automatic;
				INFOPLIST_FILE = Memobay/Info.plist;
				IPHONEOS_DEPLOYMENT_TARGET = 13.0;
				LD_RUNPATH_SEARCH_PATHS = (
					"$(inherited)",
					"@executable_path/Frameworks",
				);
				PRODUCT_BUNDLE_IDENTIFIER = shekarno.Memobay;
				PRODUCT_NAME = "$(TARGET_NAME)";
				SWIFT_VERSION = 5.0;
				TARGETED_DEVICE_FAMILY = 1;
			};
			name = Release;
		};
/* End XCBuildConfiguration section */

/* Begin XCConfigurationList section */
		ACD8BC76259137B500A7661D /* Build configuration list for PBXProject "Memobay" */ = {
			isa = XCConfigurationList;
			buildConfigurations = (
				ACD8BC8D259137B600A7661D /* Debug */,
				ACD8BC8E259137B600A7661D /* Release */,
			);
			defaultConfigurationIsVisible = 0;
			defaultConfigurationName = Release;
		};
		ACD8BC8F259137B600A7661D /* Build configuration list for PBXNativeTarget "Memobay" */ = {
			isa = XCConfigurationList;
			buildConfigurations = (
				ACD8BC90259137B600A7661D /* Debug */,
				ACD8BC91259137B600A7661D /* Release */,
			);
			defaultConfigurationIsVisible = 0;
			defaultConfigurationName = Release;
		};
/* End XCConfigurationList section */
	};
	rootObject = ACD8BC73259137B500A7661D /* Project object */;
}
